
Microsoft Visual Studio Solution File, Format Version 12.00
# Visual Studio Version 17
VisualStudioVersion = 17.0.32014.148
MinimumVisualStudioVersion = 10.0.40219.1
Project("{FAE04EC0-301F-11D3-BF4B-00C04F79EFBC}") = "SyncfusionBlazorEtiquetas", "SyncfusionBlazorEtiquetas\SyncfusionBlazorEtiquetas.csproj", "{2449C6BA-1E33-4307-9F26-F10D1818E27C}"
EndProject
Project("{FAE04EC0-301F-11D3-BF4B-00C04F79EFBC}") = "DataAccessLibrary", "DataAccessLibrary\DataAccessLibrary.csproj", "{26D655CF-DEE3-4F1B-BEE0-A33A68DE0E19}"
EndProject
Global
	GlobalSection(SolutionConfigurationPlatforms) = preSolution
		Debug|Any CPU = Debug|Any CPU
		Release|Any CPU = Release|Any CPU
	EndGlobalSection
	GlobalSection(ProjectConfigurationPlatforms) = postSolution
		{2449C6BA-1E33-4307-9F26-F10D1818E27C}.Debug|Any CPU.ActiveCfg = Debug|Any CPU
		{2449C6BA-1E33-4307-9F26-F10D1818E27C}.Debug|Any CPU.Build.0 = Debug|Any CPU
		{2449C6BA-1E33-4307-9F26-F10D1818E27C}.Release|Any CPU.ActiveCfg = Release|Any CPU
		{2449C6BA-1E33-4307-9F26-F10D1818E27C}.Release|Any CPU.Build.0 = Release|Any CPU
		{26D655CF-DEE3-4F1B-BEE0-A33A68DE0E19}.Debug|Any CPU.ActiveCfg = Debug|Any CPU
		{26D655CF-DEE3-4F1B-BEE0-A33A68DE0E19}.Debug|Any CPU.Build.0 = Debug|Any CPU
		{26D655CF-DEE3-4F1B-BEE0-A33A68DE0E19}.Release|Any CPU.ActiveCfg = Release|Any CPU
		{26D655CF-DEE3-4F1B-BEE0-A33A68DE0E19}.Release|Any CPU.Build.0 = Release|Any CPU
	EndGlobalSection
	GlobalSection(SolutionProperties) = preSolution
		HideSolutionNode = FALSE
	EndGlobalSection
	GlobalSection(ExtensibilityGlobals) = postSolution
		SolutionGuid = {6FE01D96-80E4-4054-AD33-90643A40A442}
	EndGlobalSection
EndGlobal
